
Microsoft Visual Studio Solution File, Format Version 12.00
# Visual Studio Version 17
VisualStudioVersion = 17.2.32602.215
MinimumVisualStudioVersion = 10.0.40219.1
Project("{8BC9CEB8-8B4A-11D0-8D11-00A0C91BC942}") = "tl", "tl.vcxproj", "{3CD84F7D-423A-48A7-B47D-0A5C82113146}"
EndProject
Global
	GlobalSection(SolutionConfigurationPlatforms) = preSolution
		Debug|x64 = Debug|x64
		Debug|x86 = Debug|x86
		Release|x64 = Release|x64
		Release|x86 = Release|x86
	EndGlobalSection
	GlobalSection(ProjectConfigurationPlatforms) = postSolution
		{3CD84F7D-423A-48A7-B47D-0A5C82113146}.Debug|x64.ActiveCfg = Debug|x64
		{3CD84F7D-423A-48A7-B47D-0A5C82113146}.Debug|x64.Build.0 = Debug|x64
		{3CD84F7D-423A-48A7-B47D-0A5C82113146}.Debug|x86.ActiveCfg = Debug|Win32
		{3CD84F7D-423A-48A7-B47D-0A5C82113146}.Debug|x86.Build.0 = Debug|Win32
		{3CD84F7D-423A-48A7-B47D-0A5C82113146}.Release|x64.ActiveCfg = Release|x64
		{3CD84F7D-423A-48A7-B47D-0A5C82113146}.Release|x64.Build.0 = Release|x64
		{3CD84F7D-423A-48A7-B47D-0A5C82113146}.Release|x86.ActiveCfg = Release|Win32
		{3CD84F7D-423A-48A7-B47D-0A5C82113146}.Release|x86.Build.0 = Release|Win32
	EndGlobalSection
	GlobalSection(SolutionProperties) = preSolution
		HideSolutionNode = FALSE
	EndGlobalSection
	GlobalSection(ExtensibilityGlobals) = postSolution
		SolutionGuid = {72DBA481-E2D4-4690-8633-3D883C8D94C4}
	EndGlobalSection
EndGlobal
