<?xml version="1.0" encoding="utf-8"?>
<Project ToolsVersion="4.0" xmlns="http://schemas.microsoft.com/developer/msbuild/2003">
  <ItemGroup>
    <Filter Include="src">
      <UniqueIdentifier>{5bd46e3d-65e6-4cb7-a8e1-b21f2f605055}</UniqueIdentifier>
    </Filter>
    <Filter Include="src\lua">
      <UniqueIdentifier>{389885db-15c1-489d-aad6-cd92623a99eb}</UniqueIdentifier>
    </Filter>
  </ItemGroup>
  <ItemGroup>
    <ClCompile Include="Y:\Workspace\dora-tl-win\src\lua\lapi.c">
      <Filter>src\lua</Filter>
    </ClCompile>
    <ClCompile Include="Y:\Workspace\dora-tl-win\src\lua\lauxlib.c">
      <Filter>src\lua</Filter>
    </ClCompile>
    <ClCompile Include="Y:\Workspace\dora-tl-win\src\lua\lbaselib.c">
      <Filter>src\lua</Filter>
    </ClCompile>
    <ClCompile Include="Y:\Workspace\dora-tl-win\src\lua\lcode.c">
      <Filter>src\lua</Filter>
    </ClCompile>
    <ClCompile Include="Y:\Workspace\dora-tl-win\src\lua\lcorolib.c">
      <Filter>src\lua</Filter>
    </ClCompile>
    <ClCompile Include="Y:\Workspace\dora-tl-win\src\lua\lctype.c">
      <Filter>src\lua</Filter>
    </ClCompile>
    <ClCompile Include="Y:\Workspace\dora-tl-win\src\lua\ldblib.c">
      <Filter>src\lua</Filter>
    </ClCompile>
    <ClCompile Include="Y:\Workspace\dora-tl-win\src\lua\ldebug.c">
      <Filter>src\lua</Filter>
    </ClCompile>
    <ClCompile Include="Y:\Workspace\dora-tl-win\src\lua\ldo.c">
      <Filter>src\lua</Filter>
    </ClCompile>
    <ClCompile Include="Y:\Workspace\dora-tl-win\src\lua\ldump.c">
      <Filter>src\lua</Filter>
    </ClCompile>
    <ClCompile Include="Y:\Workspace\dora-tl-win\src\lua\lfunc.c">
      <Filter>src\lua</Filter>
    </ClCompile>
    <ClCompile Include="Y:\Workspace\dora-tl-win\src\lua\lgc.c">
      <Filter>src\lua</Filter>
    </ClCompile>
    <ClCompile Include="Y:\Workspace\dora-tl-win\src\lua\linit.c">
      <Filter>src\lua</Filter>
    </ClCompile>
    <ClCompile Include="Y:\Workspace\dora-tl-win\src\lua\liolib.c">
      <Filter>src\lua</Filter>
    </ClCompile>
    <ClCompile Include="Y:\Workspace\dora-tl-win\src\lua\llex.c">
      <Filter>src\lua</Filter>
    </ClCompile>
    <ClCompile Include="Y:\Workspace\dora-tl-win\src\lua\lmathlib.c">
      <Filter>src\lua</Filter>
    </ClCompile>
    <ClCompile Include="Y:\Workspace\dora-tl-win\src\lua\lmem.c">
      <Filter>src\lua</Filter>
    </ClCompile>
    <ClCompile Include="Y:\Workspace\dora-tl-win\src\lua\loadlib.c">
      <Filter>src\lua</Filter>
    </ClCompile>
    <ClCompile Include="Y:\Workspace\dora-tl-win\src\lua\lobject.c">
      <Filter>src\lua</Filter>
    </ClCompile>
    <ClCompile Include="Y:\Workspace\dora-tl-win\src\lua\lopcodes.c">
      <Filter>src\lua</Filter>
    </ClCompile>
    <ClCompile Include="Y:\Workspace\dora-tl-win\src\lua\loslib.c">
      <Filter>src\lua</Filter>
    </ClCompile>
    <ClCompile Include="Y:\Workspace\dora-tl-win\src\lua\lparser.c">
      <Filter>src\lua</Filter>
    </ClCompile>
    <ClCompile Include="Y:\Workspace\dora-tl-win\src\lua\lstate.c">
      <Filter>src\lua</Filter>
    </ClCompile>
    <ClCompile Include="Y:\Workspace\dora-tl-win\src\lua\lstring.c">
      <Filter>src\lua</Filter>
    </ClCompile>
    <ClCompile Include="Y:\Workspace\dora-tl-win\src\lua\lstrlib.c">
      <Filter>src\lua</Filter>
    </ClCompile>
    <ClCompile Include="Y:\Workspace\dora-tl-win\src\lua\ltable.c">
      <Filter>src\lua</Filter>
    </ClCompile>
    <ClCompile Include="Y:\Workspace\dora-tl-win\src\lua\ltablib.c">
      <Filter>src\lua</Filter>
    </ClCompile>
    <ClCompile Include="Y:\Workspace\dora-tl-win\src\lua\ltm.c">
      <Filter>src\lua</Filter>
    </ClCompile>
    <ClCompile Include="Y:\Workspace\dora-tl-win\src\lua\lundump.c">
      <Filter>src\lua</Filter>
    </ClCompile>
    <ClCompile Include="Y:\Workspace\dora-tl-win\src\lua\lutf8lib.c">
      <Filter>src\lua</Filter>
    </ClCompile>
    <ClCompile Include="Y:\Workspace\dora-tl-win\src\lua\lvm.c">
      <Filter>src\lua</Filter>
    </ClCompile>
    <ClCompile Include="Y:\Workspace\dora-tl-win\src\lua\lzio.c">
      <Filter>src\lua</Filter>
    </ClCompile>
    <ClCompile Include="Y:\Workspace\dora-tl-win\src\lfs.c">
      <Filter>src</Filter>
    </ClCompile>
    <ClCompile Include="Y:\Workspace\dora-tl-win\src\main.c">
      <Filter>src</Filter>
    </ClCompile>
  </ItemGroup>
  <ItemGroup>
    <ClInclude Include="Y:\Workspace\dora-tl-win\src\lua\lapi.h">
      <Filter>src\lua</Filter>
    </ClInclude>
    <ClInclude Include="Y:\Workspace\dora-tl-win\src\lua\lauxlib.h">
      <Filter>src\lua</Filter>
    </ClInclude>
    <ClInclude Include="Y:\Workspace\dora-tl-win\src\lua\lcode.h">
      <Filter>src\lua</Filter>
    </ClInclude>
    <ClInclude Include="Y:\Workspace\dora-tl-win\src\lua\lctype.h">
      <Filter>src\lua</Filter>
    </ClInclude>
    <ClInclude Include="Y:\Workspace\dora-tl-win\src\lua\ldebug.h">
      <Filter>src\lua</Filter>
    </ClInclude>
    <ClInclude Include="Y:\Workspace\dora-tl-win\src\lua\ldo.h">
      <Filter>src\lua</Filter>
    </ClInclude>
    <ClInclude Include="Y:\Workspace\dora-tl-win\src\lua\lfunc.h">
      <Filter>src\lua</Filter>
    </ClInclude>
    <ClInclude Include="Y:\Workspace\dora-tl-win\src\lua\lgc.h">
      <Filter>src\lua</Filter>
    </ClInclude>
    <ClInclude Include="Y:\Workspace\dora-tl-win\src\lua\ljumptab.h">
      <Filter>src\lua</Filter>
    </ClInclude>
    <ClInclude Include="Y:\Workspace\dora-tl-win\src\lua\llex.h">
      <Filter>src\lua</Filter>
    </ClInclude>
    <ClInclude Include="Y:\Workspace\dora-tl-win\src\lua\llimits.h">
      <Filter>src\lua</Filter>
    </ClInclude>
    <ClInclude Include="Y:\Workspace\dora-tl-win\src\lua\lmem.h">
      <Filter>src\lua</Filter>
    </ClInclude>
    <ClInclude Include="Y:\Workspace\dora-tl-win\src\lua\lobject.h">
      <Filter>src\lua</Filter>
    </ClInclude>
    <ClInclude Include="Y:\Workspace\dora-tl-win\src\lua\lopcodes.h">
      <Filter>src\lua</Filter>
    </ClInclude>
    <ClInclude Include="Y:\Workspace\dora-tl-win\src\lua\lopnames.h">
      <Filter>src\lua</Filter>
    </ClInclude>
    <ClInclude Include="Y:\Workspace\dora-tl-win\src\lua\lparser.h">
      <Filter>src\lua</Filter>
    </ClInclude>
    <ClInclude Include="Y:\Workspace\dora-tl-win\src\lua\lprefix.h">
      <Filter>src\lua</Filter>
    </ClInclude>
    <ClInclude Include="Y:\Workspace\dora-tl-win\src\lua\lstate.h">
      <Filter>src\lua</Filter>
    </ClInclude>
    <ClInclude Include="Y:\Workspace\dora-tl-win\src\lua\lstring.h">
      <Filter>src\lua</Filter>
    </ClInclude>
    <ClInclude Include="Y:\Workspace\dora-tl-win\src\lua\ltable.h">
      <Filter>src\lua</Filter>
    </ClInclude>
    <ClInclude Include="Y:\Workspace\dora-tl-win\src\lua\ltm.h">
      <Filter>src\lua</Filter>
    </ClInclude>
    <ClInclude Include="Y:\Workspace\dora-tl-win\src\lua\lua.h">
      <Filter>src\lua</Filter>
    </ClInclude>
    <ClInclude Include="Y:\Workspace\dora-tl-win\src\lua\luaconf.h">
      <Filter>src\lua</Filter>
    </ClInclude>
    <ClInclude Include="Y:\Workspace\dora-tl-win\src\lua\lualib.h">
      <Filter>src\lua</Filter>
    </ClInclude>
    <ClInclude Include="Y:\Workspace\dora-tl-win\src\lua\lundump.h">
      <Filter>src\lua</Filter>
    </ClInclude>
    <ClInclude Include="Y:\Workspace\dora-tl-win\src\lua\lvm.h">
      <Filter>src\lua</Filter>
    </ClInclude>
    <ClInclude Include="Y:\Workspace\dora-tl-win\src\lua\lzio.h">
      <Filter>src\lua</Filter>
    </ClInclude>
    <ClInclude Include="Y:\Workspace\dora-tl-win\src\argparse_lua.h">
      <Filter>src</Filter>
    </ClInclude>
    <ClInclude Include="Y:\Workspace\dora-tl-win\src\tl.h">
      <Filter>src</Filter>
    </ClInclude>
    <ClInclude Include="Y:\Workspace\dora-tl-win\src\tl_lua.h">
      <Filter>src</Filter>
    </ClInclude>
    <ClInclude Include="Y:\Workspace\dora-tl-win\src\lfs.h">
      <Filter>src</Filter>
    </ClInclude>
  </ItemGroup>
</Project>